PODS:
  - KrNrImagePicker (0.0.15):
    - KrNrImagePicker/Resources (= 0.0.15)
    - KrNrImagePicker/Sources (= 0.0.15)
  - KrNrImagePicker/Resources (0.0.15)
  - KrNrImagePicker/Sources (0.0.15)

DEPENDENCIES:
  - KrNrImagePicker (from `../`)

EXTERNAL SOURCES:
  KrNrImagePicker:
    :path: "../"

SPEC CHECKSUMS:
  KrNrImagePicker: f21cbe93b67b7c4a293ee98ae05be8aefcbbd445

PODFILE CHECKSUM: 8ed061db1e939f3cf7393674b34533718384455f

COCOAPODS: 1.11.2
